
Microsoft Visual Studio Solution File, Format Version 12.00
# Visual Studio Version 17
VisualStudioVersion = 17.8.34309.116
MinimumVisualStudioVersion = 10.0.40219.1
Project("{FAE04EC0-301F-11D3-BF4B-00C04F79EFBC}") = "ConceptosBase", "ConceptosBase\ConceptosBase.csproj", "{4AD88453-3484-4CDE-BBFC-1E6AAD36208D}"
EndProject
Global
	GlobalSection(SolutionConfigurationPlatforms) = preSolution
		Debug|Any CPU = Debug|Any CPU
		Release|Any CPU = Release|Any CPU
	EndGlobalSection
	GlobalSection(ProjectConfigurationPlatforms) = postSolution
		{4AD88453-3484-4CDE-BBFC-1E6AAD36208D}.Debug|Any CPU.ActiveCfg = Debug|Any CPU
		{4AD88453-3484-4CDE-BBFC-1E6AAD36208D}.Debug|Any CPU.Build.0 = Debug|Any CPU
		{4AD88453-3484-4CDE-BBFC-1E6AAD36208D}.Release|Any CPU.ActiveCfg = Release|Any CPU
		{4AD88453-3484-4CDE-BBFC-1E6AAD36208D}.Release|Any CPU.Build.0 = Release|Any CPU
	EndGlobalSection
	GlobalSection(SolutionProperties) = preSolution
		HideSolutionNode = FALSE
	EndGlobalSection
	GlobalSection(ExtensibilityGlobals) = postSolution
		SolutionGuid = {F4A2F7B7-4A81-4E14-858F-092C3F8492E6}
	EndGlobalSection
EndGlobal
